// !$*UTF8*$!
{
	archiveVersion = 1;
	classes = {
	};
	objectVersion = 55;
	objects = {

/* Begin PBXBuildFile section */
		FEB7FD8827C578BB0059C6F8 /* descriptionViewController.swift in Sources */ = {isa = PBXBuildFile; fileRef = FEB7FD8727C578BB0059C6F8 /* descriptionViewController.swift */; };
		FEFE9D8F27C54841006A7A65 /* AppDelegate.swift in Sources */ = {isa = PBXBuildFile; fileRef = FEFE9D8E27C54841006A7A65 /* AppDelegate.swift */; };
		FEFE9D9127C54841006A7A65 /* SceneDelegate.swift in Sources */ = {isa = PBXBuildFile; fileRef = FEFE9D9027C54841006A7A65 /* SceneDelegate.swift */; };
		FEFE9D9327C54841006A7A65 /* ViewController.swift in Sources */ = {isa = PBXBuildFile; fileRef = FEFE9D9227C54841006A7A65 /* ViewController.swift */; };
		FEFE9D9627C54841006A7A65 /* Main.storyboard in Resources */ = {isa = PBXBuildFile; fileRef = FEFE9D9427C54841006A7A65 /* Main.storyboard */; };
		FEFE9D9827C54845006A7A65 /* Assets.xcassets in Resources */ = {isa = PBXBuildFile; fileRef = FEFE9D9727C54845006A7A65 /* Assets.xcassets */; };
		FEFE9D9B27C54845006A7A65 /* LaunchScreen.storyboard in Resources */ = {isa = PBXBuildFile; fileRef = FEFE9D9927C54845006A7A65 /* LaunchScreen.storyboard */; };
		FEFE9DA327C54D25006A7A65 /* Model.swift in Sources */ = {isa = PBXBuildFile; fileRef = FEFE9DA227C54D25006A7A65 /* Model.swift */; };
		FEFE9DA627C55E25006A7A65 /* MovieCollectionViewCell.swift in Sources */ = {isa = PBXBuildFile; fileRef = FEFE9DA527C55E25006A7A65 /* MovieCollectionViewCell.swift */; };
/* End PBXBuildFile section */

/* Begin PBXFileReference section */
		FEB7FD8727C578BB0059C6F8 /* descriptionViewController.swift */ = {isa = PBXFileReference; lastKnownFileType = sourcecode.swift; path = descriptionViewController.swift; sourceTree = "<group>"; };
		FEFE9D8B27C54841006A7A65 /* movies-app.app */ = {isa = PBXFileReference; explicitFileType = wrapper.application; includeInIndex = 0; path = "movies-app.app"; sourceTree = BUILT_PRODUCTS_DIR; };
		FEFE9D8E27C54841006A7A65 /* AppDelegate.swift */ = {isa = PBXFileReference; lastKnownFileType = sourcecode.swift; path = AppDelegate.swift; sourceTree = "<group>"; };
		FEFE9D9027C54841006A7A65 /* SceneDelegate.swift */ = {isa = PBXFileReference; lastKnownFileType = sourcecode.swift; path = SceneDelegate.swift; sourceTree = "<group>"; };
		FEFE9D9227C54841006A7A65 /* ViewController.swift */ = {isa = PBXFileReference; lastKnownFileType = sourcecode.swift; path = ViewController.swift; sourceTree = "<group>"; };
		FEFE9D9527C54841006A7A65 /* Base */ = {isa = PBXFileReference; lastKnownFileType = file.storyboard; name = Base; path = Base.lproj/Main.storyboard; sourceTree = "<group>"; };
		FEFE9D9727C54845006A7A65 /* Assets.xcassets */ = {isa = PBXFileReference; lastKnownFileType = folder.assetcatalog; path = Assets.xcassets; sourceTree = "<group>"; };
		FEFE9D9A27C54845006A7A65 /* Base */ = {isa = PBXFileReference; lastKnownFileType = file.storyboard; name = Base; path = Base.lproj/LaunchScreen.storyboard; sourceTree = "<group>"; };
		FEFE9D9C27C54845006A7A65 /* Info.plist */ = {isa = PBXFileReference; lastKnownFileType = text.plist.xml; path = Info.plist; sourceTree = "<group>"; };
		FEFE9DA227C54D25006A7A65 /* Model.swift */ = {isa = PBXFileReference; lastKnownFileType = sourcecode.swift; path = Model.swift; sourceTree = "<group>"; };
		FEFE9DA527C55E25006A7A65 /* MovieCollectionViewCell.swift */ = {isa = PBXFileReference; lastKnownFileType = sourcecode.swift; path = MovieCollectionViewCell.swift; sourceTree = "<group>"; };
/* End PBXFileReference section */

/* Begin PBXFrameworksBuildPhase section */
		FEFE9D8827C54841006A7A65 /* Frameworks */ = {
			isa = PBXFrameworksBuildPhase;
			buildActionMask = 2147483647;
			files = (
			);
			runOnlyForDeploymentPostprocessing = 0;
		};
/* End PBXFrameworksBuildPhase section */

/* Begin PBXGroup section */
		FEB7FD8627C578990059C6F8 /* Controllers */ = {
			isa = PBXGroup;
			children = (
				FEB7FD8727C578BB0059C6F8 /* descriptionViewController.swift */,
			);
			path = Controllers;
			sourceTree = "<group>";
		};
		FEFE9D8227C54841006A7A65 = {
			isa = PBXGroup;
			children = (
				FEFE9D8D27C54841006A7A65 /* movies-app */,
				FEFE9D8C27C54841006A7A65 /* Products */,
			);
			sourceTree = "<group>";
		};
		FEFE9D8C27C54841006A7A65 /* Products */ = {
			isa = PBXGroup;
			children = (
				FEFE9D8B27C54841006A7A65 /* movies-app.app */,
			);
			name = Products;
			sourceTree = "<group>";
		};
		FEFE9D8D27C54841006A7A65 /* movies-app */ = {
			isa = PBXGroup;
			children = (
				FEB7FD8627C578990059C6F8 /* Controllers */,
				FEFE9DA427C55DC8006A7A65 /* Cell */,
				FEFE9D8E27C54841006A7A65 /* AppDelegate.swift */,
				FEFE9D9027C54841006A7A65 /* SceneDelegate.swift */,
				FEFE9D9227C54841006A7A65 /* ViewController.swift */,
				FEFE9D9427C54841006A7A65 /* Main.storyboard */,
				FEFE9DA227C54D25006A7A65 /* Model.swift */,
				FEFE9D9727C54845006A7A65 /* Assets.xcassets */,
				FEFE9D9927C54845006A7A65 /* LaunchScreen.storyboard */,
				FEFE9D9C27C54845006A7A65 /* Info.plist */,
			);
			path = "movies-app";
			sourceTree = "<group>";
		};
		FEFE9DA427C55DC8006A7A65 /* Cell */ = {
			isa = PBXGroup;
			children = (
				FEFE9DA527C55E25006A7A65 /* MovieCollectionViewCell.swift */,
			);
			path = Cell;
			sourceTree = "<group>";
		};
/* End PBXGroup section */

/* Begin PBXNativeTarget section */
		FEFE9D8A27C54841006A7A65 /* movies-app */ = {
			isa = PBXNativeTarget;
			buildConfigurationList = FEFE9D9F27C54845006A7A65 /* Build configuration list for PBXNativeTarget "movies-app" */;
			buildPhases = (
				FEFE9D8727C54841006A7A65 /* Sources */,
				FEFE9D8827C54841006A7A65 /* Frameworks */,
				FEFE9D8927C54841006A7A65 /* Resources */,
			);
			buildRules = (
			);
			dependencies = (
			);
			name = "movies-app";
			productName = "movies-app";
			productReference = FEFE9D8B27C54841006A7A65 /* movies-app.app */;
			productType = "com.apple.product-type.application";
		};
/* End PBXNativeTarget section */

/* Begin PBXProject section */
		FEFE9D8327C54841006A7A65 /* Project object */ = {
			isa = PBXProject;
			attributes = {
				BuildIndependentTargetsInParallel = 1;
				LastSwiftUpdateCheck = 1330;
				LastUpgradeCheck = 1330;
				TargetAttributes = {
					FEFE9D8A27C54841006A7A65 = {
						CreatedOnToolsVersion = 13.3;
					};
				};
			};
			buildConfigurationList = FEFE9D8627C54841006A7A65 /* Build configuration list for PBXProject "movies-app" */;
			compatibilityVersion = "Xcode 13.0";
			developmentRegion = en;
			hasScannedForEncodings = 0;
			knownRegions = (
				en,
				Base,
			);
			mainGroup = FEFE9D8227C54841006A7A65;
			productRefGroup = FEFE9D8C27C54841006A7A65 /* Products */;
			projectDirPath = "";
			projectRoot = "";
			targets = (
				FEFE9D8A27C54841006A7A65 /* movies-app */,
			);
		};
/* End PBXProject section */

/* Begin PBXResourcesBuildPhase section */
		FEFE9D8927C54841006A7A65 /* Resources */ = {
			isa = PBXResourcesBuildPhase;
			buildActionMask = 2147483647;
			files = (
				FEFE9D9B27C54845006A7A65 /* LaunchScreen.storyboard in Resources */,
				FEFE9D9827C54845006A7A65 /* Assets.xcassets in Resources */,
				FEFE9D9627C54841006A7A65 /* Main.storyboard in Resources */,
			);
			runOnlyForDeploymentPostprocessing = 0;
		};
/* End PBXResourcesBuildPhase section */

/* Begin PBXSourcesBuildPhase section */
		FEFE9D8727C54841006A7A65 /* Sources */ = {
			isa = PBXSourcesBuildPhase;
			buildActionMask = 2147483647;
			files = (
				FEFE9D9327C54841006A7A65 /* ViewController.swift in Sources */,
				FEFE9D8F27C54841006A7A65 /* AppDelegate.swift in Sources */,
				FEFE9DA627C55E25006A7A65 /* MovieCollectionViewCell.swift in Sources */,
				FEB7FD8827C578BB0059C6F8 /* descriptionViewController.swift in Sources */,
				FEFE9D9127C54841006A7A65 /* SceneDelegate.swift in Sources */,
				FEFE9DA327C54D25006A7A65 /* Model.swift in Sources */,
			);
			runOnlyForDeploymentPostprocessing = 0;
		};
/* End PBXSourcesBuildPhase section */

/* Begin PBXVariantGroup section */
		FEFE9D9427C54841006A7A65 /* Main.storyboard */ = {
			isa = PBXVariantGroup;
			children = (
				FEFE9D9527C54841006A7A65 /* Base */,
			);
			name = Main.storyboard;
			sourceTree = "<group>";
		};
		FEFE9D9927C54845006A7A65 /* LaunchScreen.storyboard */ = {
			isa = PBXVariantGroup;
			children = (
				FEFE9D9A27C54845006A7A65 /* Base */,
			);
			name = LaunchScreen.storyboard;
			sourceTree = "<group>";
		};
/* End PBXVariantGroup section */

/* Begin XCBuildConfiguration section */
		FEFE9D9D27C54845006A7A65 /* Debug */ = {
			isa = XCBuildConfiguration;
			buildSettings = {
				ALWAYS_SEARCH_USER_PATHS = NO;
				CLANG_ANALYZER_NONNULL = YES;
				CLANG_ANALYZER_NUMBER_OBJECT_CONVERSION = YES_AGGRESSIVE;
				CLANG_CXX_LANGUAGE_STANDARD = "gnu++17";
				CLANG_ENABLE_MODULES = YES;
				CLANG_ENABLE_OBJC_ARC = YES;
				CLANG_ENABLE_OBJC_WEAK = YES;
				CLANG_WARN_BLOCK_CAPTURE_AUTORELEASING = YES;
				CLANG_WARN_BOOL_CONVERSION = YES;
				CLANG_WARN_COMMA = YES;
				CLANG_WARN_CONSTANT_CONVERSION = YES;
				CLANG_WARN_DEPRECATED_OBJC_IMPLEMENTATIONS = YES;
				CLANG_WARN_DIRECT_OBJC_ISA_USAGE = YES_ERROR;
				CLANG_WARN_DOCUMENTATION_COMMENTS = YES;
				CLANG_WARN_EMPTY_BODY = YES;
				CLANG_WARN_ENUM_CONVERSION = YES;
				CLANG_WARN_INFINITE_RECURSION = YES;
				CLANG_WARN_INT_CONVERSION = YES;
				CLANG_WARN_NON_LITERAL_NULL_CONVERSION = YES;
				CLANG_WARN_OBJC_IMPLICIT_RETAIN_SELF = YES;
				CLANG_WARN_OBJC_LITERAL_CONVERSION = YES;
				CLANG_WARN_OBJC_ROOT_CLASS = YES_ERROR;
				CLANG_WARN_QUOTED_INCLUDE_IN_FRAMEWORK_HEADER = YES;
				CLANG_WARN_RANGE_LOOP_ANALYSIS = YES;
				CLANG_WARN_STRICT_PROTOTYPES = YES;
				CLANG_WARN_SUSPICIOUS_MOVE = YES;
				CLANG_WARN_UNGUARDED_AVAILABILITY = YES_AGGRESSIVE;
				CLANG_WARN_UNREACHABLE_CODE = YES;
				CLANG_WARN__DUPLICATE_METHOD_MATCH = YES;
				COPY_PHASE_STRIP = NO;
				DEBUG_INFORMATION_FORMAT = dwarf;
				ENABLE_STRICT_OBJC_MSGSEND = YES;
				ENABLE_TESTABILITY = YES;
				GCC_C_LANGUAGE_STANDARD = gnu11;
				GCC_DYNAMIC_NO_PIC = NO;
				GCC_NO_COMMON_BLOCKS = YES;
				GCC_OPTIMIZATION_LEVEL = 0;
				GCC_PREPROCESSOR_DEFINITIONS = (
					"DEBUG=1",
					"$(inherited)",
				);
				GCC_WARN_64_TO_32_BIT_CONVERSION = YES;
				GCC_WARN_ABOUT_RETURN_TYPE = YES_ERROR;
				GCC_WARN_UNDECLARED_SELECTOR = YES;
				GCC_WARN_UNINITIALIZED_AUTOS = YES_AGGRESSIVE;
				GCC_WARN_UNUSED_FUNCTION = YES;
				GCC_WARN_UNUSED_VARIABLE = YES;
				IPHONEOS_DEPLOYMENT_TARGET = 15.4;
				MTL_ENABLE_DEBUG_INFO = INCLUDE_SOURCE;
				MTL_FAST_MATH = YES;
				ONLY_ACTIVE_ARCH = YES;
				SDKROOT = iphoneos;
				SWIFT_ACTIVE_COMPILATION_CONDITIONS = DEBUG;
				SWIFT_OPTIMIZATION_LEVEL = "-Onone";
			};
			name = Debug;
		};
		FEFE9D9E27C54845006A7A65 /* Release */ = {
			isa = XCBuildConfiguration;
			buildSettings = {
				ALWAYS_SEARCH_USER_PATHS = NO;
				CLANG_ANALYZER_NONNULL = YES;
				CLANG_ANALYZER_NUMBER_OBJECT_CONVERSION = YES_AGGRESSIVE;
				CLANG_CXX_LANGUAGE_STANDARD = "gnu++17";
				CLANG_ENABLE_MODULES = YES;
				CLANG_ENABLE_OBJC_ARC = YES;
				CLANG_ENABLE_OBJC_WEAK = YES;
				CLANG_WARN_BLOCK_CAPTURE_AUTORELEASING = YES;
				CLANG_WARN_BOOL_CONVERSION = YES;
				CLANG_WARN_COMMA = YES;
				CLANG_WARN_CONSTANT_CONVERSION = YES;
				CLANG_WARN_DEPRECATED_OBJC_IMPLEMENTATIONS = YES;
				CLANG_WARN_DIRECT_OBJC_ISA_USAGE = YES_ERROR;
				CLANG_WARN_DOCUMENTATION_COMMENTS = YES;
				CLANG_WARN_EMPTY_BODY = YES;
				CLANG_WARN_ENUM_CONVERSION = YES;
				CLANG_WARN_INFINITE_RECURSION = YES;
				CLANG_WARN_INT_CONVERSION = YES;
				CLANG_WARN_NON_LITERAL_NULL_CONVERSION = YES;
				CLANG_WARN_OBJC_IMPLICIT_RETAIN_SELF = YES;
				CLANG_WARN_OBJC_LITERAL_CONVERSION = YES;
				CLANG_WARN_OBJC_ROOT_CLASS = YES_ERROR;
				CLANG_WARN_QUOTED_INCLUDE_IN_FRAMEWORK_HEADER = YES;
				CLANG_WARN_RANGE_LOOP_ANALYSIS = YES;
				CLANG_WARN_STRICT_PROTOTYPES = YES;
				CLANG_WARN_SUSPICIOUS_MOVE = YES;
				CLANG_WARN_UNGUARDED_AVAILABILITY = YES_AGGRESSIVE;
				CLANG_WARN_UNREACHABLE_CODE = YES;
				CLANG_WARN__DUPLICATE_METHOD_MATCH = YES;
				COPY_PHASE_STRIP = NO;
				DEBUG_INFORMATION_FORMAT = "dwarf-with-dsym";
				ENABLE_NS_ASSERTIONS = NO;
				ENABLE_STRICT_OBJC_MSGSEND = YES;
				GCC_C_LANGUAGE_STANDARD = gnu11;
				GCC_NO_COMMON_BLOCKS = YES;
				GCC_WARN_64_TO_32_BIT_CONVERSION = YES;
				GCC_WARN_ABOUT_RETURN_TYPE = YES_ERROR;
				GCC_WARN_UNDECLARED_SELECTOR = YES;
				GCC_WARN_UNINITIALIZED_AUTOS = YES_AGGRESSIVE;
				GCC_WARN_UNUSED_FUNCTION = YES;
				GCC_WARN_UNUSED_VARIABLE = YES;
				IPHONEOS_DEPLOYMENT_TARGET = 15.4;
				MTL_ENABLE_DEBUG_INFO = NO;
				MTL_FAST_MATH = YES;
				SDKROOT = iphoneos;
				SWIFT_COMPILATION_MODE = wholemodule;
				SWIFT_OPTIMIZATION_LEVEL = "-O";
				VALIDATE_PRODUCT = YES;
			};
			name = Release;
		};
		FEFE9DA027C54845006A7A65 /* Debug */ = {
			isa = XCBuildConfiguration;
			buildSettings = {
				ASSETCATALOG_COMPILER_APPICON_NAME = AppIcon;
				ASSETCATALOG_COMPILER_GLOBAL_ACCENT_COLOR_NAME = AccentColor;
				CODE_SIGN_STYLE = Automatic;
				CURRENT_PROJECT_VERSION = 1;
				DEVELOPMENT_TEAM = 68JHUUXS7A;
				GENERATE_INFOPLIST_FILE = YES;
				INFOPLIST_FILE = "movies-app/Info.plist";
				INFOPLIST_KEY_UIApplicationSupportsIndirectInputEvents = YES;
				INFOPLIST_KEY_UILaunchStoryboardName = LaunchScreen;
				INFOPLIST_KEY_UIMainStoryboardFile = Main;
				INFOPLIST_KEY_UISupportedInterfaceOrientations_iPad = "UIInterfaceOrientationPortrait UIInterfaceOrientationPortraitUpsideDown UIInterfaceOrientationLandscapeLeft UIInterfaceOrientationLandscapeRight";
				INFOPLIST_KEY_UISupportedInterfaceOrientations_iPhone = "UIInterfaceOrientationPortrait UIInterfaceOrientationLandscapeLeft UIInterfaceOrientationLandscapeRight";
				LD_RUNPATH_SEARCH_PATHS = (
					"$(inherited)",
					"@executable_path/Frameworks",
				);
				MARKETING_VERSION = 1.0;
				PRODUCT_BUNDLE_IDENTIFIER = "mskhvilidze.Currency-io.movies-app";
				PRODUCT_NAME = "$(TARGET_NAME)";
				SWIFT_EMIT_LOC_STRINGS = YES;
				SWIFT_VERSION = 5.0;
				TARGETED_DEVICE_FAMILY = "1,2";
			};
			name = Debug;
		};
		FEFE9DA127C54845006A7A65 /* Release */ = {
			isa = XCBuildConfiguration;
			buildSettings = {
				ASSETCATALOG_COMPILER_APPICON_NAME = AppIcon;
				ASSETCATALOG_COMPILER_GLOBAL_ACCENT_COLOR_NAME = AccentColor;
				CODE_SIGN_STYLE = Automatic;
				CURRENT_PROJECT_VERSION = 1;
				DEVELOPMENT_TEAM = 68JHUUXS7A;
				GENERATE_INFOPLIST_FILE = YES;
				INFOPLIST_FILE = "movies-app/Info.plist";
				INFOPLIST_KEY_UIApplicationSupportsIndirectInputEvents = YES;
				INFOPLIST_KEY_UILaunchStoryboardName = LaunchScreen;
				INFOPLIST_KEY_UIMainStoryboardFile = Main;
				INFOPLIST_KEY_UISupportedInterfaceOrientations_iPad = "UIInterfaceOrientationPortrait UIInterfaceOrientationPortraitUpsideDown UIInterfaceOrientationLandscapeLeft UIInterfaceOrientationLandscapeRight";
				INFOPLIST_KEY_UISupportedInterfaceOrientations_iPhone = "UIInterfaceOrientationPortrait UIInterfaceOrientationLandscapeLeft UIInterfaceOrientationLandscapeRight";
				LD_RUNPATH_SEARCH_PATHS = (
					"$(inherited)",
					"@executable_path/Frameworks",
				);
				MARKETING_VERSION = 1.0;
				PRODUCT_BUNDLE_IDENTIFIER = "mskhvilidze.Currency-io.movies-app";
				PRODUCT_NAME = "$(TARGET_NAME)";
				SWIFT_EMIT_LOC_STRINGS = YES;
				SWIFT_VERSION = 5.0;
				TARGETED_DEVICE_FAMILY = "1,2";
			};
			name = Release;
		};
/* End XCBuildConfiguration section */

/* Begin XCConfigurationList section */
		FEFE9D8627C54841006A7A65 /* Build configuration list for PBXProject "movies-app" */ = {
			isa = XCConfigurationList;
			buildConfigurations = (
				FEFE9D9D27C54845006A7A65 /* Debug */,
				FEFE9D9E27C54845006A7A65 /* Release */,
			);
			defaultConfigurationIsVisible = 0;
			defaultConfigurationName = Release;
		};
		FEFE9D9F27C54845006A7A65 /* Build configuration list for PBXNativeTarget "movies-app" */ = {
			isa = XCConfigurationList;
			buildConfigurations = (
				FEFE9DA027C54845006A7A65 /* Debug */,
				FEFE9DA127C54845006A7A65 /* Release */,
			);
			defaultConfigurationIsVisible = 0;
			defaultConfigurationName = Release;
		};
/* End XCConfigurationList section */
	};
	rootObject = FEFE9D8327C54841006A7A65 /* Project object */;
}
